// !$*UTF8*$!
{
	archiveVersion = 1;
	classes = {
	};
	objectVersion = 50;
	objects = {

/* Begin PBXBuildFile section */
		6703DB0C271C68CA00FE8EA2 /* UIColor+Extension.swift in Sources */ = {isa = PBXBuildFile; fileRef = 6703DB0B271C68CA00FE8EA2 /* UIColor+Extension.swift */; };
		6703DB0E271C6A8400FE8EA2 /* LocalNotificationManager.swift in Sources */ = {isa = PBXBuildFile; fileRef = 6703DB0D271C6A8400FE8EA2 /* LocalNotificationManager.swift */; };
		6779F8472718BC5F0047F021 /* AppDelegate.swift in Sources */ = {isa = PBXBuildFile; fileRef = 6779F8462718BC5F0047F021 /* AppDelegate.swift */; };
		6779F8492718BC5F0047F021 /* SceneDelegate.swift in Sources */ = {isa = PBXBuildFile; fileRef = 6779F8482718BC5F0047F021 /* SceneDelegate.swift */; };
		6779F8512718BC5F0047F021 /* ToDoList.xcdatamodeld in Sources */ = {isa = PBXBuildFile; fileRef = 6779F84F2718BC5F0047F021 /* ToDoList.xcdatamodeld */; };
		6779F8532718BC610047F021 /* Assets.xcassets in Resources */ = {isa = PBXBuildFile; fileRef = 6779F8522718BC610047F021 /* Assets.xcassets */; };
		6779F8562718BC610047F021 /* LaunchScreen.storyboard in Resources */ = {isa = PBXBuildFile; fileRef = 6779F8542718BC610047F021 /* LaunchScreen.storyboard */; };
		6779F8612718BC610047F021 /* ToDoListTests.swift in Sources */ = {isa = PBXBuildFile; fileRef = 6779F8602718BC610047F021 /* ToDoListTests.swift */; };
		6779F86C2718BC610047F021 /* ToDoListUITests.swift in Sources */ = {isa = PBXBuildFile; fileRef = 6779F86B2718BC610047F021 /* ToDoListUITests.swift */; };
		679A3F8F2719ADFC00B7047F /* DetailViewController.swift in Sources */ = {isa = PBXBuildFile; fileRef = 679A3F8D2719ADFC00B7047F /* DetailViewController.swift */; };
		679A3F902719ADFC00B7047F /* DetailViewController.xib in Resources */ = {isa = PBXBuildFile; fileRef = 679A3F8E2719ADFC00B7047F /* DetailViewController.xib */; };
		679A3F932719C15700B7047F /* UIViewController+Extension.swift in Sources */ = {isa = PBXBuildFile; fileRef = 679A3F922719C15700B7047F /* UIViewController+Extension.swift */; };
		67A9E643271C401A00F78FE0 /* CoreDataManager.swift in Sources */ = {isa = PBXBuildFile; fileRef = 67A9E642271C401A00F78FE0 /* CoreDataManager.swift */; };
		67E8EEF6271ECB9300D06C5B /* TodoEntity.swift in Sources */ = {isa = PBXBuildFile; fileRef = 67E8EEF5271ECB9300D06C5B /* TodoEntity.swift */; };
		67E8EEF8271ECC9B00D06C5B /* TodoPresenter.swift in Sources */ = {isa = PBXBuildFile; fileRef = 67E8EEF7271ECC9B00D06C5B /* TodoPresenter.swift */; };
		67E8EEFA271ECD3100D06C5B /* TodoInteractor.swift in Sources */ = {isa = PBXBuildFile; fileRef = 67E8EEF9271ECD3100D06C5B /* TodoInteractor.swift */; };
		67E8EEFC271ECD6700D06C5B /* TodoRouter.swift in Sources */ = {isa = PBXBuildFile; fileRef = 67E8EEFB271ECD6700D06C5B /* TodoRouter.swift */; };
		67FAAAB52718C465002635D5 /* TodoListViewController.swift in Sources */ = {isa = PBXBuildFile; fileRef = 67FAAAB32718C465002635D5 /* TodoListViewController.swift */; };
		67FAAAB62718C465002635D5 /* TodoListViewController.xib in Resources */ = {isa = PBXBuildFile; fileRef = 67FAAAB42718C465002635D5 /* TodoListViewController.xib */; };
/* End PBXBuildFile section */

/* Begin PBXContainerItemProxy section */
		6779F85D2718BC610047F021 /* PBXContainerItemProxy */ = {
			isa = PBXContainerItemProxy;
			containerPortal = 6779F83B2718BC5F0047F021 /* Project object */;
			proxyType = 1;
			remoteGlobalIDString = 6779F8422718BC5F0047F021;
			remoteInfo = ToDoList;
		};
		6779F8682718BC610047F021 /* PBXContainerItemProxy */ = {
			isa = PBXContainerItemProxy;
			containerPortal = 6779F83B2718BC5F0047F021 /* Project object */;
			proxyType = 1;
			remoteGlobalIDString = 6779F8422718BC5F0047F021;
			remoteInfo = ToDoList;
		};
/* End PBXContainerItemProxy section */

/* Begin PBXFileReference section */
		6703DB0B271C68CA00FE8EA2 /* UIColor+Extension.swift */ = {isa = PBXFileReference; lastKnownFileType = sourcecode.swift; path = "UIColor+Extension.swift"; sourceTree = "<group>"; };
		6703DB0D271C6A8400FE8EA2 /* LocalNotificationManager.swift */ = {isa = PBXFileReference; lastKnownFileType = sourcecode.swift; path = LocalNotificationManager.swift; sourceTree = "<group>"; };
		6779F8432718BC5F0047F021 /* ToDoList.app */ = {isa = PBXFileReference; explicitFileType = wrapper.application; includeInIndex = 0; path = ToDoList.app; sourceTree = BUILT_PRODUCTS_DIR; };
		6779F8462718BC5F0047F021 /* AppDelegate.swift */ = {isa = PBXFileReference; lastKnownFileType = sourcecode.swift; path = AppDelegate.swift; sourceTree = "<group>"; };
		6779F8482718BC5F0047F021 /* SceneDelegate.swift */ = {isa = PBXFileReference; lastKnownFileType = sourcecode.swift; path = SceneDelegate.swift; sourceTree = "<group>"; };
		6779F8502718BC5F0047F021 /* ToDoList.xcdatamodel */ = {isa = PBXFileReference; lastKnownFileType = wrapper.xcdatamodel; path = ToDoList.xcdatamodel; sourceTree = "<group>"; };
		6779F8522718BC610047F021 /* Assets.xcassets */ = {isa = PBXFileReference; lastKnownFileType = folder.assetcatalog; path = Assets.xcassets; sourceTree = "<group>"; };
		6779F8552718BC610047F021 /* Base */ = {isa = PBXFileReference; lastKnownFileType = file.storyboard; name = Base; path = Base.lproj/LaunchScreen.storyboard; sourceTree = "<group>"; };
		6779F8572718BC610047F021 /* Info.plist */ = {isa = PBXFileReference; lastKnownFileType = text.plist.xml; path = Info.plist; sourceTree = "<group>"; };
		6779F85C2718BC610047F021 /* ToDoListTests.xctest */ = {isa = PBXFileReference; explicitFileType = wrapper.cfbundle; includeInIndex = 0; path = ToDoListTests.xctest; sourceTree = BUILT_PRODUCTS_DIR; };
		6779F8602718BC610047F021 /* ToDoListTests.swift */ = {isa = PBXFileReference; lastKnownFileType = sourcecode.swift; path = ToDoListTests.swift; sourceTree = "<group>"; };
		6779F8622718BC610047F021 /* Info.plist */ = {isa = PBXFileReference; lastKnownFileType = text.plist.xml; path = Info.plist; sourceTree = "<group>"; };
		6779F8672718BC610047F021 /* ToDoListUITests.xctest */ = {isa = PBXFileReference; explicitFileType = wrapper.cfbundle; includeInIndex = 0; path = ToDoListUITests.xctest; sourceTree = BUILT_PRODUCTS_DIR; };
		6779F86B2718BC610047F021 /* ToDoListUITests.swift */ = {isa = PBXFileReference; lastKnownFileType = sourcecode.swift; path = ToDoListUITests.swift; sourceTree = "<group>"; };
		6779F86D2718BC610047F021 /* Info.plist */ = {isa = PBXFileReference; lastKnownFileType = text.plist.xml; path = Info.plist; sourceTree = "<group>"; };
		679A3F8D2719ADFC00B7047F /* DetailViewController.swift */ = {isa = PBXFileReference; lastKnownFileType = sourcecode.swift; path = DetailViewController.swift; sourceTree = "<group>"; };
		679A3F8E2719ADFC00B7047F /* DetailViewController.xib */ = {isa = PBXFileReference; lastKnownFileType = file.xib; path = DetailViewController.xib; sourceTree = "<group>"; };
		679A3F922719C15700B7047F /* UIViewController+Extension.swift */ = {isa = PBXFileReference; lastKnownFileType = sourcecode.swift; path = "UIViewController+Extension.swift"; sourceTree = "<group>"; };
		67A9E642271C401A00F78FE0 /* CoreDataManager.swift */ = {isa = PBXFileReference; lastKnownFileType = sourcecode.swift; path = CoreDataManager.swift; sourceTree = "<group>"; };
		67E8EEF5271ECB9300D06C5B /* TodoEntity.swift */ = {isa = PBXFileReference; lastKnownFileType = sourcecode.swift; path = TodoEntity.swift; sourceTree = "<group>"; };
		67E8EEF7271ECC9B00D06C5B /* TodoPresenter.swift */ = {isa = PBXFileReference; lastKnownFileType = sourcecode.swift; path = TodoPresenter.swift; sourceTree = "<group>"; };
		67E8EEF9271ECD3100D06C5B /* TodoInteractor.swift */ = {isa = PBXFileReference; lastKnownFileType = sourcecode.swift; path = TodoInteractor.swift; sourceTree = "<group>"; };
		67E8EEFB271ECD6700D06C5B /* TodoRouter.swift */ = {isa = PBXFileReference; lastKnownFileType = sourcecode.swift; path = TodoRouter.swift; sourceTree = "<group>"; };
		67FAAAB32718C465002635D5 /* TodoListViewController.swift */ = {isa = PBXFileReference; lastKnownFileType = sourcecode.swift; path = TodoListViewController.swift; sourceTree = "<group>"; };
		67FAAAB42718C465002635D5 /* TodoListViewController.xib */ = {isa = PBXFileReference; lastKnownFileType = file.xib; path = TodoListViewController.xib; sourceTree = "<group>"; };
/* End PBXFileReference section */

/* Begin PBXFrameworksBuildPhase section */
		6779F8402718BC5F0047F021 /* Frameworks */ = {
			isa = PBXFrameworksBuildPhase;
			buildActionMask = 2147483647;
			files = (
			);
			runOnlyForDeploymentPostprocessing = 0;
		};
		6779F8592718BC610047F021 /* Frameworks */ = {
			isa = PBXFrameworksBuildPhase;
			buildActionMask = 2147483647;
			files = (
			);
			runOnlyForDeploymentPostprocessing = 0;
		};
		6779F8642718BC610047F021 /* Frameworks */ = {
			isa = PBXFrameworksBuildPhase;
			buildActionMask = 2147483647;
			files = (
			);
			runOnlyForDeploymentPostprocessing = 0;
		};
/* End PBXFrameworksBuildPhase section */

/* Begin PBXGroup section */
		6779F83A2718BC5F0047F021 = {
			isa = PBXGroup;
			children = (
				6779F8452718BC5F0047F021 /* ToDoList */,
				6779F85F2718BC610047F021 /* ToDoListTests */,
				6779F86A2718BC610047F021 /* ToDoListUITests */,
				6779F8442718BC5F0047F021 /* Products */,
			);
			sourceTree = "<group>";
		};
		6779F8442718BC5F0047F021 /* Products */ = {
			isa = PBXGroup;
			children = (
				6779F8432718BC5F0047F021 /* ToDoList.app */,
				6779F85C2718BC610047F021 /* ToDoListTests.xctest */,
				6779F8672718BC610047F021 /* ToDoListUITests.xctest */,
			);
			name = Products;
			sourceTree = "<group>";
		};
		6779F8452718BC5F0047F021 /* ToDoList */ = {
			isa = PBXGroup;
			children = (
				67A9E642271C401A00F78FE0 /* CoreDataManager.swift */,
				6703DB0D271C6A8400FE8EA2 /* LocalNotificationManager.swift */,
				679A3F912719C13F00B7047F /* Utilities */,
				67FAAAB12718C104002635D5 /* TodoListScreen */,
				67FAAAB22718C10A002635D5 /* DetailScreen */,
				6779F8462718BC5F0047F021 /* AppDelegate.swift */,
				6779F8482718BC5F0047F021 /* SceneDelegate.swift */,
				6779F8522718BC610047F021 /* Assets.xcassets */,
				6779F8542718BC610047F021 /* LaunchScreen.storyboard */,
				6779F8572718BC610047F021 /* Info.plist */,
				6779F84F2718BC5F0047F021 /* ToDoList.xcdatamodeld */,
			);
			path = ToDoList;
			sourceTree = "<group>";
		};
		6779F85F2718BC610047F021 /* ToDoListTests */ = {
			isa = PBXGroup;
			children = (
				6779F8602718BC610047F021 /* ToDoListTests.swift */,
				6779F8622718BC610047F021 /* Info.plist */,
			);
			path = ToDoListTests;
			sourceTree = "<group>";
		};
		6779F86A2718BC610047F021 /* ToDoListUITests */ = {
			isa = PBXGroup;
			children = (
				6779F86B2718BC610047F021 /* ToDoListUITests.swift */,
				6779F86D2718BC610047F021 /* Info.plist */,
			);
			path = ToDoListUITests;
			sourceTree = "<group>";
		};
		679A3F912719C13F00B7047F /* Utilities */ = {
			isa = PBXGroup;
			children = (
				67E8EEFD271EE62800D06C5B /* Extensions */,
			);
			path = Utilities;
			sourceTree = "<group>";
		};
		67E8EEFD271EE62800D06C5B /* Extensions */ = {
			isa = PBXGroup;
			children = (
				679A3F922719C15700B7047F /* UIViewController+Extension.swift */,
				6703DB0B271C68CA00FE8EA2 /* UIColor+Extension.swift */,
			);
			path = Extensions;
			sourceTree = "<group>";
		};
		67FAAAB12718C104002635D5 /* TodoListScreen */ = {
			isa = PBXGroup;
			children = (
				67FAAAB32718C465002635D5 /* TodoListViewController.swift */,
				67FAAAB42718C465002635D5 /* TodoListViewController.xib */,
				67E8EEF5271ECB9300D06C5B /* TodoEntity.swift */,
				67E8EEF7271ECC9B00D06C5B /* TodoPresenter.swift */,
				67E8EEF9271ECD3100D06C5B /* TodoInteractor.swift */,
				67E8EEFB271ECD6700D06C5B /* TodoRouter.swift */,
			);
			path = TodoListScreen;
			sourceTree = "<group>";
		};
		67FAAAB22718C10A002635D5 /* DetailScreen */ = {
			isa = PBXGroup;
			children = (
				679A3F8D2719ADFC00B7047F /* DetailViewController.swift */,
				679A3F8E2719ADFC00B7047F /* DetailViewController.xib */,
			);
			path = DetailScreen;
			sourceTree = "<group>";
		};
/* End PBXGroup section */

/* Begin PBXNativeTarget section */
		6779F8422718BC5F0047F021 /* ToDoList */ = {
			isa = PBXNativeTarget;
			buildConfigurationList = 6779F8702718BC610047F021 /* Build configuration list for PBXNativeTarget "ToDoList" */;
			buildPhases = (
				6779F83F2718BC5F0047F021 /* Sources */,
				6779F8402718BC5F0047F021 /* Frameworks */,
				6779F8412718BC5F0047F021 /* Resources */,
			);
			buildRules = (
			);
			dependencies = (
			);
			name = ToDoList;
			productName = ToDoList;
			productReference = 6779F8432718BC5F0047F021 /* ToDoList.app */;
			productType = "com.apple.product-type.application";
		};
		6779F85B2718BC610047F021 /* ToDoListTests */ = {
			isa = PBXNativeTarget;
			buildConfigurationList = 6779F8732718BC610047F021 /* Build configuration list for PBXNativeTarget "ToDoListTests" */;
			buildPhases = (
				6779F8582718BC610047F021 /* Sources */,
				6779F8592718BC610047F021 /* Frameworks */,
				6779F85A2718BC610047F021 /* Resources */,
			);
			buildRules = (
			);
			dependencies = (
				6779F85E2718BC610047F021 /* PBXTargetDependency */,
			);
			name = ToDoListTests;
			productName = ToDoListTests;
			productReference = 6779F85C2718BC610047F021 /* ToDoListTests.xctest */;
			productType = "com.apple.product-type.bundle.unit-test";
		};
		6779F8662718BC610047F021 /* ToDoListUITests */ = {
			isa = PBXNativeTarget;
			buildConfigurationList = 6779F8762718BC610047F021 /* Build configuration list for PBXNativeTarget "ToDoListUITests" */;
			buildPhases = (
				6779F8632718BC610047F021 /* Sources */,
				6779F8642718BC610047F021 /* Frameworks */,
				6779F8652718BC610047F021 /* Resources */,
			);
			buildRules = (
			);
			dependencies = (
				6779F8692718BC610047F021 /* PBXTargetDependency */,
			);
			name = ToDoListUITests;
			productName = ToDoListUITests;
			productReference = 6779F8672718BC610047F021 /* ToDoListUITests.xctest */;
			productType = "com.apple.product-type.bundle.ui-testing";
		};
/* End PBXNativeTarget section */

/* Begin PBXProject section */
		6779F83B2718BC5F0047F021 /* Project object */ = {
			isa = PBXProject;
			attributes = {
				LastSwiftUpdateCheck = 1250;
				LastUpgradeCheck = 1250;
				TargetAttributes = {
					6779F8422718BC5F0047F021 = {
						CreatedOnToolsVersion = 12.5;
					};
					6779F85B2718BC610047F021 = {
						CreatedOnToolsVersion = 12.5;
						TestTargetID = 6779F8422718BC5F0047F021;
					};
					6779F8662718BC610047F021 = {
						CreatedOnToolsVersion = 12.5;
						TestTargetID = 6779F8422718BC5F0047F021;
					};
				};
			};
			buildConfigurationList = 6779F83E2718BC5F0047F021 /* Build configuration list for PBXProject "ToDoList" */;
			compatibilityVersion = "Xcode 9.3";
			developmentRegion = en;
			hasScannedForEncodings = 0;
			knownRegions = (
				en,
				Base,
			);
			mainGroup = 6779F83A2718BC5F0047F021;
			productRefGroup = 6779F8442718BC5F0047F021 /* Products */;
			projectDirPath = "";
			projectRoot = "";
			targets = (
				6779F8422718BC5F0047F021 /* ToDoList */,
				6779F85B2718BC610047F021 /* ToDoListTests */,
				6779F8662718BC610047F021 /* ToDoListUITests */,
			);
		};
/* End PBXProject section */

/* Begin PBXResourcesBuildPhase section */
		6779F8412718BC5F0047F021 /* Resources */ = {
			isa = PBXResourcesBuildPhase;
			buildActionMask = 2147483647;
			files = (
				6779F8562718BC610047F021 /* LaunchScreen.storyboard in Resources */,
				67FAAAB62718C465002635D5 /* TodoListViewController.xib in Resources */,
				6779F8532718BC610047F021 /* Assets.xcassets in Resources */,
				679A3F902719ADFC00B7047F /* DetailViewController.xib in Resources */,
			);
			runOnlyForDeploymentPostprocessing = 0;
		};
		6779F85A2718BC610047F021 /* Resources */ = {
			isa = PBXResourcesBuildPhase;
			buildActionMask = 2147483647;
			files = (
			);
			runOnlyForDeploymentPostprocessing = 0;
		};
		6779F8652718BC610047F021 /* Resources */ = {
			isa = PBXResourcesBuildPhase;
			buildActionMask = 2147483647;
			files = (
			);
			runOnlyForDeploymentPostprocessing = 0;
		};
/* End PBXResourcesBuildPhase section */

/* Begin PBXSourcesBuildPhase section */
		6779F83F2718BC5F0047F021 /* Sources */ = {
			isa = PBXSourcesBuildPhase;
			buildActionMask = 2147483647;
			files = (
				67E8EEF6271ECB9300D06C5B /* TodoEntity.swift in Sources */,
				679A3F932719C15700B7047F /* UIViewController+Extension.swift in Sources */,
				6779F8472718BC5F0047F021 /* AppDelegate.swift in Sources */,
				6779F8492718BC5F0047F021 /* SceneDelegate.swift in Sources */,
				67E8EEFA271ECD3100D06C5B /* TodoInteractor.swift in Sources */,
				679A3F8F2719ADFC00B7047F /* DetailViewController.swift in Sources */,
				6779F8512718BC5F0047F021 /* ToDoList.xcdatamodeld in Sources */,
				67A9E643271C401A00F78FE0 /* CoreDataManager.swift in Sources */,
				67E8EEFC271ECD6700D06C5B /* TodoRouter.swift in Sources */,
				67E8EEF8271ECC9B00D06C5B /* TodoPresenter.swift in Sources */,
				6703DB0E271C6A8400FE8EA2 /* LocalNotificationManager.swift in Sources */,
				67FAAAB52718C465002635D5 /* TodoListViewController.swift in Sources */,
				6703DB0C271C68CA00FE8EA2 /* UIColor+Extension.swift in Sources */,
			);
			runOnlyForDeploymentPostprocessing = 0;
		};
		6779F8582718BC610047F021 /* Sources */ = {
			isa = PBXSourcesBuildPhase;
			buildActionMask = 2147483647;
			files = (
				6779F8612718BC610047F021 /* ToDoListTests.swift in Sources */,
			);
			runOnlyForDeploymentPostprocessing = 0;
		};
		6779F8632718BC610047F021 /* Sources */ = {
			isa = PBXSourcesBuildPhase;
			buildActionMask = 2147483647;
			files = (
				6779F86C2718BC610047F021 /* ToDoListUITests.swift in Sources */,
			);
			runOnlyForDeploymentPostprocessing = 0;
		};
/* End PBXSourcesBuildPhase section */

/* Begin PBXTargetDependency section */
		6779F85E2718BC610047F021 /* PBXTargetDependency */ = {
			isa = PBXTargetDependency;
			target = 6779F8422718BC5F0047F021 /* ToDoList */;
			targetProxy = 6779F85D2718BC610047F021 /* PBXContainerItemProxy */;
		};
		6779F8692718BC610047F021 /* PBXTargetDependency */ = {
			isa = PBXTargetDependency;
			target = 6779F8422718BC5F0047F021 /* ToDoList */;
			targetProxy = 6779F8682718BC610047F021 /* PBXContainerItemProxy */;
		};
/* End PBXTargetDependency section */

/* Begin PBXVariantGroup section */
		6779F8542718BC610047F021 /* LaunchScreen.storyboard */ = {
			isa = PBXVariantGroup;
			children = (
				6779F8552718BC610047F021 /* Base */,
			);
			name = LaunchScreen.storyboard;
			sourceTree = "<group>";
		};
/* End PBXVariantGroup section */

/* Begin XCBuildConfiguration section */
		6779F86E2718BC610047F021 /* Debug */ = {
			isa = XCBuildConfiguration;
			buildSettings = {
				ALWAYS_SEARCH_USER_PATHS = NO;
				CLANG_ANALYZER_NONNULL = YES;
				CLANG_ANALYZER_NUMBER_OBJECT_CONVERSION = YES_AGGRESSIVE;
				CLANG_CXX_LANGUAGE_STANDARD = "gnu++14";
				CLANG_CXX_LIBRARY = "libc++";
				CLANG_ENABLE_MODULES = YES;
				CLANG_ENABLE_OBJC_ARC = YES;
				CLANG_ENABLE_OBJC_WEAK = YES;
				CLANG_WARN_BLOCK_CAPTURE_AUTORELEASING = YES;
				CLANG_WARN_BOOL_CONVERSION = YES;
				CLANG_WARN_COMMA = YES;
				CLANG_WARN_CONSTANT_CONVERSION = YES;
				CLANG_WARN_DEPRECATED_OBJC_IMPLEMENTATIONS = YES;
				CLANG_WARN_DIRECT_OBJC_ISA_USAGE = YES_ERROR;
				CLANG_WARN_DOCUMENTATION_COMMENTS = YES;
				CLANG_WARN_EMPTY_BODY = YES;
				CLANG_WARN_ENUM_CONVERSION = YES;
				CLANG_WARN_INFINITE_RECURSION = YES;
				CLANG_WARN_INT_CONVERSION = YES;
				CLANG_WARN_NON_LITERAL_NULL_CONVERSION = YES;
				CLANG_WARN_OBJC_IMPLICIT_RETAIN_SELF = YES;
				CLANG_WARN_OBJC_LITERAL_CONVERSION = YES;
				CLANG_WARN_OBJC_ROOT_CLASS = YES_ERROR;
				CLANG_WARN_QUOTED_INCLUDE_IN_FRAMEWORK_HEADER = YES;
				CLANG_WARN_RANGE_LOOP_ANALYSIS = YES;
				CLANG_WARN_STRICT_PROTOTYPES = YES;
				CLANG_WARN_SUSPICIOUS_MOVE = YES;
				CLANG_WARN_UNGUARDED_AVAILABILITY = YES_AGGRESSIVE;
				CLANG_WARN_UNREACHABLE_CODE = YES;
				CLANG_WARN__DUPLICATE_METHOD_MATCH = YES;
				COPY_PHASE_STRIP = NO;
				DEBUG_INFORMATION_FORMAT = dwarf;
				ENABLE_STRICT_OBJC_MSGSEND = YES;
				ENABLE_TESTABILITY = YES;
				GCC_C_LANGUAGE_STANDARD = gnu11;
				GCC_DYNAMIC_NO_PIC = NO;
				GCC_NO_COMMON_BLOCKS = YES;
				GCC_OPTIMIZATION_LEVEL = 0;
				GCC_PREPROCESSOR_DEFINITIONS = (
					"DEBUG=1",
					"$(inherited)",
				);
				GCC_WARN_64_TO_32_BIT_CONVERSION = YES;
				GCC_WARN_ABOUT_RETURN_TYPE = YES_ERROR;
				GCC_WARN_UNDECLARED_SELECTOR = YES;
				GCC_WARN_UNINITIALIZED_AUTOS = YES_AGGRESSIVE;
				GCC_WARN_UNUSED_FUNCTION = YES;
				GCC_WARN_UNUSED_VARIABLE = YES;
				IPHONEOS_DEPLOYMENT_TARGET = 13.0;
				MTL_ENABLE_DEBUG_INFO = INCLUDE_SOURCE;
				MTL_FAST_MATH = YES;
				ONLY_ACTIVE_ARCH = YES;
				SDKROOT = iphoneos;
				SWIFT_ACTIVE_COMPILATION_CONDITIONS = DEBUG;
				SWIFT_OPTIMIZATION_LEVEL = "-Onone";
			};
			name = Debug;
		};
		6779F86F2718BC610047F021 /* Release */ = {
			isa = XCBuildConfiguration;
			buildSettings = {
				ALWAYS_SEARCH_USER_PATHS = NO;
				CLANG_ANALYZER_NONNULL = YES;
				CLANG_ANALYZER_NUMBER_OBJECT_CONVERSION = YES_AGGRESSIVE;
				CLANG_CXX_LANGUAGE_STANDARD = "gnu++14";
				CLANG_CXX_LIBRARY = "libc++";
				CLANG_ENABLE_MODULES = YES;
				CLANG_ENABLE_OBJC_ARC = YES;
				CLANG_ENABLE_OBJC_WEAK = YES;
				CLANG_WARN_BLOCK_CAPTURE_AUTORELEASING = YES;
				CLANG_WARN_BOOL_CONVERSION = YES;
				CLANG_WARN_COMMA = YES;
				CLANG_WARN_CONSTANT_CONVERSION = YES;
				CLANG_WARN_DEPRECATED_OBJC_IMPLEMENTATIONS = YES;
				CLANG_WARN_DIRECT_OBJC_ISA_USAGE = YES_ERROR;
				CLANG_WARN_DOCUMENTATION_COMMENTS = YES;
				CLANG_WARN_EMPTY_BODY = YES;
				CLANG_WARN_ENUM_CONVERSION = YES;
				CLANG_WARN_INFINITE_RECURSION = YES;
				CLANG_WARN_INT_CONVERSION = YES;
				CLANG_WARN_NON_LITERAL_NULL_CONVERSION = YES;
				CLANG_WARN_OBJC_IMPLICIT_RETAIN_SELF = YES;
				CLANG_WARN_OBJC_LITERAL_CONVERSION = YES;
				CLANG_WARN_OBJC_ROOT_CLASS = YES_ERROR;
				CLANG_WARN_QUOTED_INCLUDE_IN_FRAMEWORK_HEADER = YES;
				CLANG_WARN_RANGE_LOOP_ANALYSIS = YES;
				CLANG_WARN_STRICT_PROTOTYPES = YES;
				CLANG_WARN_SUSPICIOUS_MOVE = YES;
				CLANG_WARN_UNGUARDED_AVAILABILITY = YES_AGGRESSIVE;
				CLANG_WARN_UNREACHABLE_CODE = YES;
				CLANG_WARN__DUPLICATE_METHOD_MATCH = YES;
				COPY_PHASE_STRIP = NO;
				DEBUG_INFORMATION_FORMAT = "dwarf-with-dsym";
				ENABLE_NS_ASSERTIONS = NO;
				ENABLE_STRICT_OBJC_MSGSEND = YES;
				GCC_C_LANGUAGE_STANDARD = gnu11;
				GCC_NO_COMMON_BLOCKS = YES;
				GCC_WARN_64_TO_32_BIT_CONVERSION = YES;
				GCC_WARN_ABOUT_RETURN_TYPE = YES_ERROR;
				GCC_WARN_UNDECLARED_SELECTOR = YES;
				GCC_WARN_UNINITIALIZED_AUTOS = YES_AGGRESSIVE;
				GCC_WARN_UNUSED_FUNCTION = YES;
				GCC_WARN_UNUSED_VARIABLE = YES;
				IPHONEOS_DEPLOYMENT_TARGET = 13.0;
				MTL_ENABLE_DEBUG_INFO = NO;
				MTL_FAST_MATH = YES;
				SDKROOT = iphoneos;
				SWIFT_COMPILATION_MODE = wholemodule;
				SWIFT_OPTIMIZATION_LEVEL = "-O";
				VALIDATE_PRODUCT = YES;
			};
			name = Release;
		};
		6779F8712718BC610047F021 /* Debug */ = {
			isa = XCBuildConfiguration;
			buildSettings = {
				ASSETCATALOG_COMPILER_APPICON_NAME = AppIcon;
				ASSETCATALOG_COMPILER_GLOBAL_ACCENT_COLOR_NAME = AccentColor;
				CODE_SIGN_STYLE = Automatic;
				DEVELOPMENT_TEAM = FL2622D3S4;
				INFOPLIST_FILE = ToDoList/Info.plist;
				LD_RUNPATH_SEARCH_PATHS = (
					"$(inherited)",
					"@executable_path/Frameworks",
				);
				PRODUCT_BUNDLE_IDENTIFIER = com.burakgomec.ToDoList;
				PRODUCT_NAME = "$(TARGET_NAME)";
				SWIFT_VERSION = 5.0;
				TARGETED_DEVICE_FAMILY = "1,2";
			};
			name = Debug;
		};
		6779F8722718BC610047F021 /* Release */ = {
			isa = XCBuildConfiguration;
			buildSettings = {
				ASSETCATALOG_COMPILER_APPICON_NAME = AppIcon;
				ASSETCATALOG_COMPILER_GLOBAL_ACCENT_COLOR_NAME = AccentColor;
				CODE_SIGN_STYLE = Automatic;
				DEVELOPMENT_TEAM = FL2622D3S4;
				INFOPLIST_FILE = ToDoList/Info.plist;
				LD_RUNPATH_SEARCH_PATHS = (
					"$(inherited)",
					"@executable_path/Frameworks",
				);
				PRODUCT_BUNDLE_IDENTIFIER = com.burakgomec.ToDoList;
				PRODUCT_NAME = "$(TARGET_NAME)";
				SWIFT_VERSION = 5.0;
				TARGETED_DEVICE_FAMILY = "1,2";
			};
			name = Release;
		};
		6779F8742718BC610047F021 /* Debug */ = {
			isa = XCBuildConfiguration;
			buildSettings = {
				ALWAYS_EMBED_SWIFT_STANDARD_LIBRARIES = YES;
				BUNDLE_LOADER = "$(TEST_HOST)";
				CODE_SIGN_STYLE = Automatic;
				DEVELOPMENT_TEAM = FL2622D3S4;
				INFOPLIST_FILE = ToDoListTests/Info.plist;
				IPHONEOS_DEPLOYMENT_TARGET = 14.5;
				LD_RUNPATH_SEARCH_PATHS = (
					"$(inherited)",
					"@executable_path/Frameworks",
					"@loader_path/Frameworks",
				);
				PRODUCT_BUNDLE_IDENTIFIER = com.burakgomec.ToDoListTests;
				PRODUCT_NAME = "$(TARGET_NAME)";
				SWIFT_VERSION = 5.0;
				TARGETED_DEVICE_FAMILY = "1,2";
				TEST_HOST = "$(BUILT_PRODUCTS_DIR)/ToDoList.app/ToDoList";
			};
			name = Debug;
		};
		6779F8752718BC610047F021 /* Release */ = {
			isa = XCBuildConfiguration;
			buildSettings = {
				ALWAYS_EMBED_SWIFT_STANDARD_LIBRARIES = YES;
				BUNDLE_LOADER = "$(TEST_HOST)";
				CODE_SIGN_STYLE = Automatic;
				DEVELOPMENT_TEAM = FL2622D3S4;
				INFOPLIST_FILE = ToDoListTests/Info.plist;
				IPHONEOS_DEPLOYMENT_TARGET = 14.5;
				LD_RUNPATH_SEARCH_PATHS = (
					"$(inherited)",
					"@executable_path/Frameworks",
					"@loader_path/Frameworks",
				);
				PRODUCT_BUNDLE_IDENTIFIER = com.burakgomec.ToDoListTests;
				PRODUCT_NAME = "$(TARGET_NAME)";
				SWIFT_VERSION = 5.0;
				TARGETED_DEVICE_FAMILY = "1,2";
				TEST_HOST = "$(BUILT_PRODUCTS_DIR)/ToDoList.app/ToDoList";
			};
			name = Release;
		};
		6779F8772718BC610047F021 /* Debug */ = {
			isa = XCBuildConfiguration;
			buildSettings = {
				ALWAYS_EMBED_SWIFT_STANDARD_LIBRARIES = YES;
				CODE_SIGN_STYLE = Automatic;
				DEVELOPMENT_TEAM = FL2622D3S4;
				INFOPLIST_FILE = ToDoListUITests/Info.plist;
				LD_RUNPATH_SEARCH_PATHS = (
					"$(inherited)",
					"@executable_path/Frameworks",
					"@loader_path/Frameworks",
				);
				PRODUCT_BUNDLE_IDENTIFIER = com.burakgomec.ToDoListUITests;
				PRODUCT_NAME = "$(TARGET_NAME)";
				SWIFT_VERSION = 5.0;
				TARGETED_DEVICE_FAMILY = "1,2";
				TEST_TARGET_NAME = ToDoList;
			};
			name = Debug;
		};
		6779F8782718BC610047F021 /* Release */ = {
			isa = XCBuildConfiguration;
			buildSettings = {
				ALWAYS_EMBED_SWIFT_STANDARD_LIBRARIES = YES;
				CODE_SIGN_STYLE = Automatic;
				DEVELOPMENT_TEAM = FL2622D3S4;
				INFOPLIST_FILE = ToDoListUITests/Info.plist;
				LD_RUNPATH_SEARCH_PATHS = (
					"$(inherited)",
					"@executable_path/Frameworks",
					"@loader_path/Frameworks",
				);
				PRODUCT_BUNDLE_IDENTIFIER = com.burakgomec.ToDoListUITests;
				PRODUCT_NAME = "$(TARGET_NAME)";
				SWIFT_VERSION = 5.0;
				TARGETED_DEVICE_FAMILY = "1,2";
				TEST_TARGET_NAME = ToDoList;
			};
			name = Release;
		};
/* End XCBuildConfiguration section */

/* Begin XCConfigurationList section */
		6779F83E2718BC5F0047F021 /* Build configuration list for PBXProject "ToDoList" */ = {
			isa = XCConfigurationList;
			buildConfigurations = (
				6779F86E2718BC610047F021 /* Debug */,
				6779F86F2718BC610047F021 /* Release */,
			);
			defaultConfigurationIsVisible = 0;
			defaultConfigurationName = Release;
		};
		6779F8702718BC610047F021 /* Build configuration list for PBXNativeTarget "ToDoList" */ = {
			isa = XCConfigurationList;
			buildConfigurations = (
				6779F8712718BC610047F021 /* Debug */,
				6779F8722718BC610047F021 /* Release */,
			);
			defaultConfigurationIsVisible = 0;
			defaultConfigurationName = Release;
		};
		6779F8732718BC610047F021 /* Build configuration list for PBXNativeTarget "ToDoListTests" */ = {
			isa = XCConfigurationList;
			buildConfigurations = (
				6779F8742718BC610047F021 /* Debug */,
				6779F8752718BC610047F021 /* Release */,
			);
			defaultConfigurationIsVisible = 0;
			defaultConfigurationName = Release;
		};
		6779F8762718BC610047F021 /* Build configuration list for PBXNativeTarget "ToDoListUITests" */ = {
			isa = XCConfigurationList;
			buildConfigurations = (
				6779F8772718BC610047F021 /* Debug */,
				6779F8782718BC610047F021 /* Release */,
			);
			defaultConfigurationIsVisible = 0;
			defaultConfigurationName = Release;
		};
/* End XCConfigurationList section */

/* Begin XCVersionGroup section */
		6779F84F2718BC5F0047F021 /* ToDoList.xcdatamodeld */ = {
			isa = XCVersionGroup;
			children = (
				6779F8502718BC5F0047F021 /* ToDoList.xcdatamodel */,
			);
			currentVersion = 6779F8502718BC5F0047F021 /* ToDoList.xcdatamodel */;
			path = ToDoList.xcdatamodeld;
			sourceTree = "<group>";
			versionGroupType = wrapper.xcdatamodel;
		};
/* End XCVersionGroup section */
	};
	rootObject = 6779F83B2718BC5F0047F021 /* Project object */;
}
